
Microsoft Visual Studio Solution File, Format Version 12.00
# Visual Studio Version 17
VisualStudioVersion = 17.10.34928.147
MinimumVisualStudioVersion = 10.0.40219.1
Project("{FAE04EC0-301F-11D3-BF4B-00C04F79EFBC}") = "Erotion.API", "Erotion.API\Erotion.API.csproj", "{9074A01C-AE98-4D67-BA6D-8B44586C3EF3}"
EndProject
Project("{E53339B2-1760-4266-BCC7-CA923CBCF16C}") = "docker-compose", "docker-compose.dcproj", "{9ADF69CA-E1E7-4D1F-9915-779FB5345720}"
EndProject
Project("{FAE04EC0-301F-11D3-BF4B-00C04F79EFBC}") = "Erotion.Tests", "Erotion.Tests\Erotion.Tests.csproj", "{D541E678-CAB9-4306-A19D-AC90CBB0EE2C}"
EndProject
Global
	GlobalSection(SolutionConfigurationPlatforms) = preSolution
		Debug|Any CPU = Debug|Any CPU
		Release|Any CPU = Release|Any CPU
	EndGlobalSection
	GlobalSection(ProjectConfigurationPlatforms) = postSolution
		{9074A01C-AE98-4D67-BA6D-8B44586C3EF3}.Debug|Any CPU.ActiveCfg = Debug|Any CPU
		{9074A01C-AE98-4D67-BA6D-8B44586C3EF3}.Debug|Any CPU.Build.0 = Debug|Any CPU
		{9074A01C-AE98-4D67-BA6D-8B44586C3EF3}.Release|Any CPU.ActiveCfg = Release|Any CPU
		{9074A01C-AE98-4D67-BA6D-8B44586C3EF3}.Release|Any CPU.Build.0 = Release|Any CPU
		{9ADF69CA-E1E7-4D1F-9915-779FB5345720}.Debug|Any CPU.ActiveCfg = Debug|Any CPU
		{9ADF69CA-E1E7-4D1F-9915-779FB5345720}.Debug|Any CPU.Build.0 = Debug|Any CPU
		{9ADF69CA-E1E7-4D1F-9915-779FB5345720}.Release|Any CPU.ActiveCfg = Release|Any CPU
		{9ADF69CA-E1E7-4D1F-9915-779FB5345720}.Release|Any CPU.Build.0 = Release|Any CPU
		{D541E678-CAB9-4306-A19D-AC90CBB0EE2C}.Debug|Any CPU.ActiveCfg = Debug|Any CPU
		{D541E678-CAB9-4306-A19D-AC90CBB0EE2C}.Debug|Any CPU.Build.0 = Debug|Any CPU
		{D541E678-CAB9-4306-A19D-AC90CBB0EE2C}.Release|Any CPU.ActiveCfg = Release|Any CPU
		{D541E678-CAB9-4306-A19D-AC90CBB0EE2C}.Release|Any CPU.Build.0 = Release|Any CPU
	EndGlobalSection
	GlobalSection(SolutionProperties) = preSolution
		HideSolutionNode = FALSE
	EndGlobalSection
	GlobalSection(ExtensibilityGlobals) = postSolution
		SolutionGuid = {9937FA4D-294F-4747-8492-B14FC6634F30}
	EndGlobalSection
EndGlobal
